// !$*UTF8*$!
{
	archiveVersion = 1;
	classes = {
	};
	objectVersion = 50;
	objects = {

/* Begin PBXBuildFile section */
		1D18E6EC24A7E9C800405809 /* ExchangeRate+CoreDataClass.swift in Sources */ = {isa = PBXBuildFile; fileRef = 1D18E6DD24A7E9C700405809 /* ExchangeRate+CoreDataClass.swift */; };
		1D18E6ED24A7E9C800405809 /* Account+CoreDataClass.swift in Sources */ = {isa = PBXBuildFile; fileRef = 1D18E6DE24A7E9C700405809 /* Account+CoreDataClass.swift */; };
		1D18E6EE24A7E9C800405809 /* Transaction+CoreDataClass.swift in Sources */ = {isa = PBXBuildFile; fileRef = 1D18E6E524A7E9C800405809 /* Transaction+CoreDataClass.swift */; };
		1D18E6F224A7E9C800405809 /* Currency+CoreDataClass.swift in Sources */ = {isa = PBXBuildFile; fileRef = 1D18E6E024A7E9C800405809 /* Currency+CoreDataClass.swift */; };
		1D18E6F624A7E9C800405809 /* DoubleEntryRecord+CoreDataClass.swift in Sources */ = {isa = PBXBuildFile; fileRef = 1D18E6E124A7E9C800405809 /* DoubleEntryRecord+CoreDataClass.swift */; };
		1D18E6F824A7E9C800405809 /* Stock+CoreDataClass.swift in Sources */ = {isa = PBXBuildFile; fileRef = 1D18E6EA24A7E9C800405809 /* Stock+CoreDataClass.swift */; };
		1D426ABA24A8F7B400D6158B /* ExchangeRateServicePriceCalculatedInCurrencyTests.swift in Sources */ = {isa = PBXBuildFile; fileRef = 1D426AB924A8F7B400D6158B /* ExchangeRateServicePriceCalculatedInCurrencyTests.swift */; };
		1D426ABD24A901D300D6158B /* Date+UnitTests.swift in Sources */ = {isa = PBXBuildFile; fileRef = 1D426ABC24A901D300D6158B /* Date+UnitTests.swift */; };
		1D6CF31024A8775F00867BB5 /* CoreDataXCTestCase.swift in Sources */ = {isa = PBXBuildFile; fileRef = 1D6CF30F24A8775F00867BB5 /* CoreDataXCTestCase.swift */; };
		1D6CF31224A8796300867BB5 /* ExchangeRateServicePriceOnlyIfAvailableInCurrencyTests.swift in Sources */ = {isa = PBXBuildFile; fileRef = 1D6CF31124A8796300867BB5 /* ExchangeRateServicePriceOnlyIfAvailableInCurrencyTests.swift */; };
		1D6CF31424A8A90500867BB5 /* ExchangeRateService.swift in Sources */ = {isa = PBXBuildFile; fileRef = 1D6CF31324A8A90500867BB5 /* ExchangeRateService.swift */; };
		1DE020F324AF4E47007F2C6E /* ManagedObjectModelHolder.swift in Sources */ = {isa = PBXBuildFile; fileRef = 1DE020F224AF4E47007F2C6E /* ManagedObjectModelHolder.swift */; };
		1DE0211724B7049C007F2C6E /* Asset+CoreDataClass.swift in Sources */ = {isa = PBXBuildFile; fileRef = 1DE0211624B7049C007F2C6E /* Asset+CoreDataClass.swift */; };
		437EE682743E98C66ADDDA4C /* Pods_YawnvestmentsTests.framework in Frameworks */ = {isa = PBXBuildFile; fileRef = 487370D6FB7D4E5F69E47AAA /* Pods_YawnvestmentsTests.framework */; };
		89DB9A0ED0781EA93F198608 /* Pods_Yawnvestments.framework in Frameworks */ = {isa = PBXBuildFile; fileRef = 300244F41C5016C5FA53CA26 /* Pods_Yawnvestments.framework */; };
		B57221E1C2D47A7476959E98 /* Pods_Yawnvestments_YawnvestmentsUITests.framework in Frameworks */ = {isa = PBXBuildFile; fileRef = 08EB668C4B073A4BCD15EB0B /* Pods_Yawnvestments_YawnvestmentsUITests.framework */; };
		DD27805423CD23C400C86642 /* DoubleEntryRecordService.swift in Sources */ = {isa = PBXBuildFile; fileRef = DD27805323CD23C400C86642 /* DoubleEntryRecordService.swift */; };
		DD27805823CDD76C00C86642 /* TransactionCell.swift in Sources */ = {isa = PBXBuildFile; fileRef = DD27805623CDD76C00C86642 /* TransactionCell.swift */; };
		DD27805923CDD76C00C86642 /* TransactionCell.xib in Resources */ = {isa = PBXBuildFile; fileRef = DD27805723CDD76C00C86642 /* TransactionCell.xib */; };
		DD2B4DEC23F9ED6000FE454D /* PortfolioCell.swift in Sources */ = {isa = PBXBuildFile; fileRef = DD2B4DEA23F9ED6000FE454D /* PortfolioCell.swift */; };
		DD2B4DED23F9ED6000FE454D /* PortfolioCell.xib in Resources */ = {isa = PBXBuildFile; fileRef = DD2B4DEB23F9ED6000FE454D /* PortfolioCell.xib */; };
		DD2E611F23CE39C100EB37FD /* TransactionCellViewModel.swift in Sources */ = {isa = PBXBuildFile; fileRef = DD2E611E23CE39C100EB37FD /* TransactionCellViewModel.swift */; };
		DD778FF523CFBDF7009F9D03 /* PortfolioViewController.swift in Sources */ = {isa = PBXBuildFile; fileRef = DD778FF423CFBDF7009F9D03 /* PortfolioViewController.swift */; };
		DD778FF723CFBE10009F9D03 /* PortfolioViewModel.swift in Sources */ = {isa = PBXBuildFile; fileRef = DD778FF623CFBE10009F9D03 /* PortfolioViewModel.swift */; };
		DD7D073723F7394700E52567 /* AssetService.swift in Sources */ = {isa = PBXBuildFile; fileRef = DD7D073623F7394700E52567 /* AssetService.swift */; };
		DD7D073A23F73CB600E52567 /* PortfolioCellViewModel.swift in Sources */ = {isa = PBXBuildFile; fileRef = DD7D073923F73CB600E52567 /* PortfolioCellViewModel.swift */; };
		DD7D073E23F9309C00E52567 /* AssetCurrentAmountTests.swift in Sources */ = {isa = PBXBuildFile; fileRef = DD7D073D23F9309C00E52567 /* AssetCurrentAmountTests.swift */; };
		DDCFAC9C237C976E00EF7452 /* AppDelegate.swift in Sources */ = {isa = PBXBuildFile; fileRef = DDCFAC9B237C976E00EF7452 /* AppDelegate.swift */; };
		DDCFAC9E237C976E00EF7452 /* SceneDelegate.swift in Sources */ = {isa = PBXBuildFile; fileRef = DDCFAC9D237C976E00EF7452 /* SceneDelegate.swift */; };
		DDCFACA3237C976F00EF7452 /* Main.storyboard in Resources */ = {isa = PBXBuildFile; fileRef = DDCFACA1237C976F00EF7452 /* Main.storyboard */; };
		DDCFACA6237C976F00EF7452 /* Yawnvestments.xcdatamodeld in Sources */ = {isa = PBXBuildFile; fileRef = DDCFACA4237C976F00EF7452 /* Yawnvestments.xcdatamodeld */; };
		DDCFACA8237C977300EF7452 /* Assets.xcassets in Resources */ = {isa = PBXBuildFile; fileRef = DDCFACA7237C977300EF7452 /* Assets.xcassets */; };
		DDCFACAB237C977300EF7452 /* LaunchScreen.storyboard in Resources */ = {isa = PBXBuildFile; fileRef = DDCFACA9237C977300EF7452 /* LaunchScreen.storyboard */; };
		DDCFACC1237C977400EF7452 /* YawnvestmentsUITests.swift in Sources */ = {isa = PBXBuildFile; fileRef = DDCFACC0237C977400EF7452 /* YawnvestmentsUITests.swift */; };
		DDE5F62623C50E0400C3B451 /* TransactionsViewController.swift in Sources */ = {isa = PBXBuildFile; fileRef = DDE5F62523C50E0400C3B451 /* TransactionsViewController.swift */; };
		DDE5F62923C512B100C3B451 /* TransactionsViewModel.swift in Sources */ = {isa = PBXBuildFile; fileRef = DDE5F62823C512B100C3B451 /* TransactionsViewModel.swift */; };
/* End PBXBuildFile section */

/* Begin PBXContainerItemProxy section */
		DDCFACB2237C977400EF7452 /* PBXContainerItemProxy */ = {
			isa = PBXContainerItemProxy;
			containerPortal = DDCFAC90237C976E00EF7452 /* Project object */;
			proxyType = 1;
			remoteGlobalIDString = DDCFAC97237C976E00EF7452;
			remoteInfo = Yawnvestments;
		};
		DDCFACBD237C977400EF7452 /* PBXContainerItemProxy */ = {
			isa = PBXContainerItemProxy;
			containerPortal = DDCFAC90237C976E00EF7452 /* Project object */;
			proxyType = 1;
			remoteGlobalIDString = DDCFAC97237C976E00EF7452;
			remoteInfo = Yawnvestments;
		};
/* End PBXContainerItemProxy section */

/* Begin PBXFileReference section */
		08EB668C4B073A4BCD15EB0B /* Pods_Yawnvestments_YawnvestmentsUITests.framework */ = {isa = PBXFileReference; explicitFileType = wrapper.framework; includeInIndex = 0; path = Pods_Yawnvestments_YawnvestmentsUITests.framework; sourceTree = BUILT_PRODUCTS_DIR; };
		1CB88732C9C92E6A90803E59 /* Pods-Yawnvestments-YawnvestmentsUITests.debug.xcconfig */ = {isa = PBXFileReference; includeInIndex = 1; lastKnownFileType = text.xcconfig; name = "Pods-Yawnvestments-YawnvestmentsUITests.debug.xcconfig"; path = "Target Support Files/Pods-Yawnvestments-YawnvestmentsUITests/Pods-Yawnvestments-YawnvestmentsUITests.debug.xcconfig"; sourceTree = "<group>"; };
		1D18E6DD24A7E9C700405809 /* ExchangeRate+CoreDataClass.swift */ = {isa = PBXFileReference; lastKnownFileType = sourcecode.swift; path = "ExchangeRate+CoreDataClass.swift"; sourceTree = "<group>"; };
		1D18E6DE24A7E9C700405809 /* Account+CoreDataClass.swift */ = {isa = PBXFileReference; lastKnownFileType = sourcecode.swift; path = "Account+CoreDataClass.swift"; sourceTree = "<group>"; };
		1D18E6E024A7E9C800405809 /* Currency+CoreDataClass.swift */ = {isa = PBXFileReference; lastKnownFileType = sourcecode.swift; path = "Currency+CoreDataClass.swift"; sourceTree = "<group>"; };
		1D18E6E124A7E9C800405809 /* DoubleEntryRecord+CoreDataClass.swift */ = {isa = PBXFileReference; lastKnownFileType = sourcecode.swift; path = "DoubleEntryRecord+CoreDataClass.swift"; sourceTree = "<group>"; };
		1D18E6E524A7E9C800405809 /* Transaction+CoreDataClass.swift */ = {isa = PBXFileReference; lastKnownFileType = sourcecode.swift; path = "Transaction+CoreDataClass.swift"; sourceTree = "<group>"; };
		1D18E6EA24A7E9C800405809 /* Stock+CoreDataClass.swift */ = {isa = PBXFileReference; lastKnownFileType = sourcecode.swift; path = "Stock+CoreDataClass.swift"; sourceTree = "<group>"; };
		1D426AB924A8F7B400D6158B /* ExchangeRateServicePriceCalculatedInCurrencyTests.swift */ = {isa = PBXFileReference; lastKnownFileType = sourcecode.swift; path = ExchangeRateServicePriceCalculatedInCurrencyTests.swift; sourceTree = "<group>"; };
		1D426ABC24A901D300D6158B /* Date+UnitTests.swift */ = {isa = PBXFileReference; lastKnownFileType = sourcecode.swift; path = "Date+UnitTests.swift"; sourceTree = "<group>"; };
		1D6CF30F24A8775F00867BB5 /* CoreDataXCTestCase.swift */ = {isa = PBXFileReference; lastKnownFileType = sourcecode.swift; path = CoreDataXCTestCase.swift; sourceTree = "<group>"; };
		1D6CF31124A8796300867BB5 /* ExchangeRateServicePriceOnlyIfAvailableInCurrencyTests.swift */ = {isa = PBXFileReference; lastKnownFileType = sourcecode.swift; path = ExchangeRateServicePriceOnlyIfAvailableInCurrencyTests.swift; sourceTree = "<group>"; };
		1D6CF31324A8A90500867BB5 /* ExchangeRateService.swift */ = {isa = PBXFileReference; lastKnownFileType = sourcecode.swift; path = ExchangeRateService.swift; sourceTree = "<group>"; };
		1DE020F224AF4E47007F2C6E /* ManagedObjectModelHolder.swift */ = {isa = PBXFileReference; lastKnownFileType = sourcecode.swift; path = ManagedObjectModelHolder.swift; sourceTree = "<group>"; };
		1DE0211624B7049C007F2C6E /* Asset+CoreDataClass.swift */ = {isa = PBXFileReference; fileEncoding = 4; lastKnownFileType = sourcecode.swift; path = "Asset+CoreDataClass.swift"; sourceTree = "<group>"; };
		2BEB887612B8060660ACF258 /* Pods-Yawnvestments.debug.xcconfig */ = {isa = PBXFileReference; includeInIndex = 1; lastKnownFileType = text.xcconfig; name = "Pods-Yawnvestments.debug.xcconfig"; path = "Target Support Files/Pods-Yawnvestments/Pods-Yawnvestments.debug.xcconfig"; sourceTree = "<group>"; };
		300244F41C5016C5FA53CA26 /* Pods_Yawnvestments.framework */ = {isa = PBXFileReference; explicitFileType = wrapper.framework; includeInIndex = 0; path = Pods_Yawnvestments.framework; sourceTree = BUILT_PRODUCTS_DIR; };
		487370D6FB7D4E5F69E47AAA /* Pods_YawnvestmentsTests.framework */ = {isa = PBXFileReference; explicitFileType = wrapper.framework; includeInIndex = 0; path = Pods_YawnvestmentsTests.framework; sourceTree = BUILT_PRODUCTS_DIR; };
		5DA43C499994A7938507A30D /* Pods-Yawnvestments.release.xcconfig */ = {isa = PBXFileReference; includeInIndex = 1; lastKnownFileType = text.xcconfig; name = "Pods-Yawnvestments.release.xcconfig"; path = "Target Support Files/Pods-Yawnvestments/Pods-Yawnvestments.release.xcconfig"; sourceTree = "<group>"; };
		99E9167946CE07B153CF09A4 /* Pods-YawnvestmentsTests.release.xcconfig */ = {isa = PBXFileReference; includeInIndex = 1; lastKnownFileType = text.xcconfig; name = "Pods-YawnvestmentsTests.release.xcconfig"; path = "Target Support Files/Pods-YawnvestmentsTests/Pods-YawnvestmentsTests.release.xcconfig"; sourceTree = "<group>"; };
		9B1709296539F2A54C4F7463 /* Pods-YawnvestmentsTests.debug.xcconfig */ = {isa = PBXFileReference; includeInIndex = 1; lastKnownFileType = text.xcconfig; name = "Pods-YawnvestmentsTests.debug.xcconfig"; path = "Target Support Files/Pods-YawnvestmentsTests/Pods-YawnvestmentsTests.debug.xcconfig"; sourceTree = "<group>"; };
		D482BA739939933FD087575F /* Pods-Yawnvestments-YawnvestmentsUITests.release.xcconfig */ = {isa = PBXFileReference; includeInIndex = 1; lastKnownFileType = text.xcconfig; name = "Pods-Yawnvestments-YawnvestmentsUITests.release.xcconfig"; path = "Target Support Files/Pods-Yawnvestments-YawnvestmentsUITests/Pods-Yawnvestments-YawnvestmentsUITests.release.xcconfig"; sourceTree = "<group>"; };
		DD27805323CD23C400C86642 /* DoubleEntryRecordService.swift */ = {isa = PBXFileReference; lastKnownFileType = sourcecode.swift; path = DoubleEntryRecordService.swift; sourceTree = "<group>"; };
		DD27805623CDD76C00C86642 /* TransactionCell.swift */ = {isa = PBXFileReference; lastKnownFileType = sourcecode.swift; path = TransactionCell.swift; sourceTree = "<group>"; };
		DD27805723CDD76C00C86642 /* TransactionCell.xib */ = {isa = PBXFileReference; lastKnownFileType = file.xib; path = TransactionCell.xib; sourceTree = "<group>"; };
		DD2B4DEA23F9ED6000FE454D /* PortfolioCell.swift */ = {isa = PBXFileReference; lastKnownFileType = sourcecode.swift; path = PortfolioCell.swift; sourceTree = "<group>"; };
		DD2B4DEB23F9ED6000FE454D /* PortfolioCell.xib */ = {isa = PBXFileReference; lastKnownFileType = file.xib; path = PortfolioCell.xib; sourceTree = "<group>"; };
		DD2E611E23CE39C100EB37FD /* TransactionCellViewModel.swift */ = {isa = PBXFileReference; lastKnownFileType = sourcecode.swift; path = TransactionCellViewModel.swift; sourceTree = "<group>"; };
		DD778FF423CFBDF7009F9D03 /* PortfolioViewController.swift */ = {isa = PBXFileReference; lastKnownFileType = sourcecode.swift; path = PortfolioViewController.swift; sourceTree = "<group>"; };
		DD778FF623CFBE10009F9D03 /* PortfolioViewModel.swift */ = {isa = PBXFileReference; lastKnownFileType = sourcecode.swift; path = PortfolioViewModel.swift; sourceTree = "<group>"; };
		DD7D073623F7394700E52567 /* AssetService.swift */ = {isa = PBXFileReference; fileEncoding = 4; lastKnownFileType = sourcecode.swift; path = AssetService.swift; sourceTree = "<group>"; };
		DD7D073923F73CB600E52567 /* PortfolioCellViewModel.swift */ = {isa = PBXFileReference; lastKnownFileType = sourcecode.swift; path = PortfolioCellViewModel.swift; sourceTree = "<group>"; };
		DD7D073D23F9309C00E52567 /* AssetCurrentAmountTests.swift */ = {isa = PBXFileReference; lastKnownFileType = sourcecode.swift; path = AssetCurrentAmountTests.swift; sourceTree = "<group>"; };
		DDCFAC98237C976E00EF7452 /* Yawnvestments.app */ = {isa = PBXFileReference; explicitFileType = wrapper.application; includeInIndex = 0; path = Yawnvestments.app; sourceTree = BUILT_PRODUCTS_DIR; };
		DDCFAC9B237C976E00EF7452 /* AppDelegate.swift */ = {isa = PBXFileReference; lastKnownFileType = sourcecode.swift; path = AppDelegate.swift; sourceTree = "<group>"; };
		DDCFAC9D237C976E00EF7452 /* SceneDelegate.swift */ = {isa = PBXFileReference; lastKnownFileType = sourcecode.swift; path = SceneDelegate.swift; sourceTree = "<group>"; };
		DDCFACA2237C976F00EF7452 /* Base */ = {isa = PBXFileReference; lastKnownFileType = file.storyboard; name = Base; path = Base.lproj/Main.storyboard; sourceTree = "<group>"; };
		DDCFACA5237C976F00EF7452 /* Yawnvestments.xcdatamodel */ = {isa = PBXFileReference; lastKnownFileType = wrapper.xcdatamodel; path = Yawnvestments.xcdatamodel; sourceTree = "<group>"; };
		DDCFACA7237C977300EF7452 /* Assets.xcassets */ = {isa = PBXFileReference; lastKnownFileType = folder.assetcatalog; path = Assets.xcassets; sourceTree = "<group>"; };
		DDCFACAA237C977300EF7452 /* Base */ = {isa = PBXFileReference; lastKnownFileType = file.storyboard; name = Base; path = Base.lproj/LaunchScreen.storyboard; sourceTree = "<group>"; };
		DDCFACAC237C977300EF7452 /* Info.plist */ = {isa = PBXFileReference; lastKnownFileType = text.plist.xml; path = Info.plist; sourceTree = "<group>"; };
		DDCFACB1237C977400EF7452 /* YawnvestmentsTests.xctest */ = {isa = PBXFileReference; explicitFileType = wrapper.cfbundle; includeInIndex = 0; path = YawnvestmentsTests.xctest; sourceTree = BUILT_PRODUCTS_DIR; };
		DDCFACB7237C977400EF7452 /* Info.plist */ = {isa = PBXFileReference; lastKnownFileType = text.plist.xml; path = Info.plist; sourceTree = "<group>"; };
		DDCFACBC237C977400EF7452 /* YawnvestmentsUITests.xctest */ = {isa = PBXFileReference; explicitFileType = wrapper.cfbundle; includeInIndex = 0; path = YawnvestmentsUITests.xctest; sourceTree = BUILT_PRODUCTS_DIR; };
		DDCFACC0237C977400EF7452 /* YawnvestmentsUITests.swift */ = {isa = PBXFileReference; lastKnownFileType = sourcecode.swift; path = YawnvestmentsUITests.swift; sourceTree = "<group>"; };
		DDCFACC2237C977400EF7452 /* Info.plist */ = {isa = PBXFileReference; lastKnownFileType = text.plist.xml; path = Info.plist; sourceTree = "<group>"; };
		DDE5F62523C50E0400C3B451 /* TransactionsViewController.swift */ = {isa = PBXFileReference; lastKnownFileType = sourcecode.swift; path = TransactionsViewController.swift; sourceTree = "<group>"; };
		DDE5F62823C512B100C3B451 /* TransactionsViewModel.swift */ = {isa = PBXFileReference; lastKnownFileType = sourcecode.swift; path = TransactionsViewModel.swift; sourceTree = "<group>"; };
/* End PBXFileReference section */

/* Begin PBXFrameworksBuildPhase section */
		DDCFAC95237C976E00EF7452 /* Frameworks */ = {
			isa = PBXFrameworksBuildPhase;
			buildActionMask = 2147483647;
			files = (
				89DB9A0ED0781EA93F198608 /* Pods_Yawnvestments.framework in Frameworks */,
			);
			runOnlyForDeploymentPostprocessing = 0;
		};
		DDCFACAE237C977400EF7452 /* Frameworks */ = {
			isa = PBXFrameworksBuildPhase;
			buildActionMask = 2147483647;
			files = (
				437EE682743E98C66ADDDA4C /* Pods_YawnvestmentsTests.framework in Frameworks */,
			);
			runOnlyForDeploymentPostprocessing = 0;
		};
		DDCFACB9237C977400EF7452 /* Frameworks */ = {
			isa = PBXFrameworksBuildPhase;
			buildActionMask = 2147483647;
			files = (
				B57221E1C2D47A7476959E98 /* Pods_Yawnvestments_YawnvestmentsUITests.framework in Frameworks */,
			);
			runOnlyForDeploymentPostprocessing = 0;
		};
/* End PBXFrameworksBuildPhase section */

/* Begin PBXGroup section */
		2A653C871AF39C1675FE642C /* Pods */ = {
			isa = PBXGroup;
			children = (
				2BEB887612B8060660ACF258 /* Pods-Yawnvestments.debug.xcconfig */,
				5DA43C499994A7938507A30D /* Pods-Yawnvestments.release.xcconfig */,
				1CB88732C9C92E6A90803E59 /* Pods-Yawnvestments-YawnvestmentsUITests.debug.xcconfig */,
				D482BA739939933FD087575F /* Pods-Yawnvestments-YawnvestmentsUITests.release.xcconfig */,
				9B1709296539F2A54C4F7463 /* Pods-YawnvestmentsTests.debug.xcconfig */,
				99E9167946CE07B153CF09A4 /* Pods-YawnvestmentsTests.release.xcconfig */,
			);
			path = Pods;
			sourceTree = "<group>";
		};
		BBB8E1B9BF414BCA2352B37B /* Frameworks */ = {
			isa = PBXGroup;
			children = (
				300244F41C5016C5FA53CA26 /* Pods_Yawnvestments.framework */,
				08EB668C4B073A4BCD15EB0B /* Pods_Yawnvestments_YawnvestmentsUITests.framework */,
				487370D6FB7D4E5F69E47AAA /* Pods_YawnvestmentsTests.framework */,
			);
			name = Frameworks;
			sourceTree = "<group>";
		};
		DD27805523CDD73F00C86642 /* TransactionCell */ = {
			isa = PBXGroup;
			children = (
				DD2E611E23CE39C100EB37FD /* TransactionCellViewModel.swift */,
				DD27805623CDD76C00C86642 /* TransactionCell.swift */,
				DD27805723CDD76C00C86642 /* TransactionCell.xib */,
			);
			path = TransactionCell;
			sourceTree = "<group>";
		};
		DD778FFA23CFBFE5009F9D03 /* Entities */ = {
			isa = PBXGroup;
			children = (
				1D18E6DE24A7E9C700405809 /* Account+CoreDataClass.swift */,
				1DE0211624B7049C007F2C6E /* Asset+CoreDataClass.swift */,
				1D18E6E024A7E9C800405809 /* Currency+CoreDataClass.swift */,
				1D18E6E124A7E9C800405809 /* DoubleEntryRecord+CoreDataClass.swift */,
				1D18E6DD24A7E9C700405809 /* ExchangeRate+CoreDataClass.swift */,
				1D18E6EA24A7E9C800405809 /* Stock+CoreDataClass.swift */,
				1D18E6E524A7E9C800405809 /* Transaction+CoreDataClass.swift */,
			);
			path = Entities;
			sourceTree = "<group>";
		};
		DD778FFB23CFBFF1009F9D03 /* Services */ = {
			isa = PBXGroup;
			children = (
				DD7D073623F7394700E52567 /* AssetService.swift */,
				DD27805323CD23C400C86642 /* DoubleEntryRecordService.swift */,
				1D6CF31324A8A90500867BB5 /* ExchangeRateService.swift */,
			);
			path = Services;
			sourceTree = "<group>";
		};
		DD7D073823F73C9C00E52567 /* PortfolioCell */ = {
			isa = PBXGroup;
			children = (
				DD7D073923F73CB600E52567 /* PortfolioCellViewModel.swift */,
				DD2B4DEA23F9ED6000FE454D /* PortfolioCell.swift */,
				DD2B4DEB23F9ED6000FE454D /* PortfolioCell.xib */,
			);
			path = PortfolioCell;
			sourceTree = "<group>";
		};
		DDCFAC8F237C976E00EF7452 = {
			isa = PBXGroup;
			children = (
				DDCFAC9A237C976E00EF7452 /* Yawnvestments */,
				DDCFACB4237C977400EF7452 /* YawnvestmentsTests */,
				DDCFACBF237C977400EF7452 /* YawnvestmentsUITests */,
				DDCFAC99237C976E00EF7452 /* Products */,
				2A653C871AF39C1675FE642C /* Pods */,
				BBB8E1B9BF414BCA2352B37B /* Frameworks */,
			);
			sourceTree = "<group>";
		};
		DDCFAC99237C976E00EF7452 /* Products */ = {
			isa = PBXGroup;
			children = (
				DDCFAC98237C976E00EF7452 /* Yawnvestments.app */,
				DDCFACB1237C977400EF7452 /* YawnvestmentsTests.xctest */,
				DDCFACBC237C977400EF7452 /* YawnvestmentsUITests.xctest */,
			);
			name = Products;
			sourceTree = "<group>";
		};
		DDCFAC9A237C976E00EF7452 /* Yawnvestments */ = {
			isa = PBXGroup;
			children = (
				DDCFACCE237C9E9F00EF7452 /* Model */,
				DDE5F62423C50DD800C3B451 /* View Controllers */,
				DDCFACD0237C9ED400EF7452 /* UI */,
				DDCFACCF237C9EB900EF7452 /* Supporting Files */,
			);
			path = Yawnvestments;
			sourceTree = "<group>";
		};
		DDCFACB4237C977400EF7452 /* YawnvestmentsTests */ = {
			isa = PBXGroup;
			children = (
				DD7D073D23F9309C00E52567 /* AssetCurrentAmountTests.swift */,
				1D6CF30F24A8775F00867BB5 /* CoreDataXCTestCase.swift */,
				1D426AB924A8F7B400D6158B /* ExchangeRateServicePriceCalculatedInCurrencyTests.swift */,
				1D6CF31124A8796300867BB5 /* ExchangeRateServicePriceOnlyIfAvailableInCurrencyTests.swift */,
				DDCFACB7237C977400EF7452 /* Info.plist */,
				1D426ABC24A901D300D6158B /* Date+UnitTests.swift */,
			);
			path = YawnvestmentsTests;
			sourceTree = "<group>";
		};
		DDCFACBF237C977400EF7452 /* YawnvestmentsUITests */ = {
			isa = PBXGroup;
			children = (
				DDCFACC0237C977400EF7452 /* YawnvestmentsUITests.swift */,
				DDCFACC2237C977400EF7452 /* Info.plist */,
			);
			path = YawnvestmentsUITests;
			sourceTree = "<group>";
		};
		DDCFACCE237C9E9F00EF7452 /* Model */ = {
			isa = PBXGroup;
			children = (
				DD778FFA23CFBFE5009F9D03 /* Entities */,
				DD778FFB23CFBFF1009F9D03 /* Services */,
				1DE020F224AF4E47007F2C6E /* ManagedObjectModelHolder.swift */,
				DDCFACA4237C976F00EF7452 /* Yawnvestments.xcdatamodeld */,
			);
			path = Model;
			sourceTree = "<group>";
		};
		DDCFACCF237C9EB900EF7452 /* Supporting Files */ = {
			isa = PBXGroup;
			children = (
				DDCFAC9B237C976E00EF7452 /* AppDelegate.swift */,
				DDCFAC9D237C976E00EF7452 /* SceneDelegate.swift */,
				DDCFACA7237C977300EF7452 /* Assets.xcassets */,
				DDCFACAC237C977300EF7452 /* Info.plist */,
			);
			path = "Supporting Files";
			sourceTree = "<group>";
		};
		DDCFACD0237C9ED400EF7452 /* UI */ = {
			isa = PBXGroup;
			children = (
				DD7D073823F73C9C00E52567 /* PortfolioCell */,
				DD27805523CDD73F00C86642 /* TransactionCell */,
				DDCFACA1237C976F00EF7452 /* Main.storyboard */,
				DDCFACA9237C977300EF7452 /* LaunchScreen.storyboard */,
			);
			path = UI;
			sourceTree = "<group>";
		};
		DDE5F62423C50DD800C3B451 /* View Controllers */ = {
			isa = PBXGroup;
			children = (
				DD778FF423CFBDF7009F9D03 /* PortfolioViewController.swift */,
				DD778FF623CFBE10009F9D03 /* PortfolioViewModel.swift */,
				DDE5F62523C50E0400C3B451 /* TransactionsViewController.swift */,
				DDE5F62823C512B100C3B451 /* TransactionsViewModel.swift */,
			);
			path = "View Controllers";
			sourceTree = "<group>";
		};
/* End PBXGroup section */

/* Begin PBXNativeTarget section */
		DDCFAC97237C976E00EF7452 /* Yawnvestments */ = {
			isa = PBXNativeTarget;
			buildConfigurationList = DDCFACC5237C977400EF7452 /* Build configuration list for PBXNativeTarget "Yawnvestments" */;
			buildPhases = (
				04896B1BCDFEE2E02DF94284 /* [CP] Check Pods Manifest.lock */,
				DDCFAC94237C976E00EF7452 /* Sources */,
				DDCFAC95237C976E00EF7452 /* Frameworks */,
				DDCFAC96237C976E00EF7452 /* Resources */,
				DD71309823CE43F6004295EE /* SwiftLint */,
			);
			buildRules = (
			);
			dependencies = (
			);
			name = Yawnvestments;
			productName = Yawnvestments;
			productReference = DDCFAC98237C976E00EF7452 /* Yawnvestments.app */;
			productType = "com.apple.product-type.application";
		};
		DDCFACB0237C977400EF7452 /* YawnvestmentsTests */ = {
			isa = PBXNativeTarget;
			buildConfigurationList = DDCFACC8237C977400EF7452 /* Build configuration list for PBXNativeTarget "YawnvestmentsTests" */;
			buildPhases = (
				93F4AD79AE30F7A8D57DC483 /* [CP] Check Pods Manifest.lock */,
				DDCFACAD237C977400EF7452 /* Sources */,
				DDCFACAE237C977400EF7452 /* Frameworks */,
				DDCFACAF237C977400EF7452 /* Resources */,
			);
			buildRules = (
			);
			dependencies = (
				DDCFACB3237C977400EF7452 /* PBXTargetDependency */,
			);
			name = YawnvestmentsTests;
			productName = YawnvestmentsTests;
			productReference = DDCFACB1237C977400EF7452 /* YawnvestmentsTests.xctest */;
			productType = "com.apple.product-type.bundle.unit-test";
		};
		DDCFACBB237C977400EF7452 /* YawnvestmentsUITests */ = {
			isa = PBXNativeTarget;
			buildConfigurationList = DDCFACCB237C977400EF7452 /* Build configuration list for PBXNativeTarget "YawnvestmentsUITests" */;
			buildPhases = (
				FD3B9DF6AC46C3A65365F32A /* [CP] Check Pods Manifest.lock */,
				DDCFACB8237C977400EF7452 /* Sources */,
				DDCFACB9237C977400EF7452 /* Frameworks */,
				DDCFACBA237C977400EF7452 /* Resources */,
			);
			buildRules = (
			);
			dependencies = (
				DDCFACBE237C977400EF7452 /* PBXTargetDependency */,
			);
			name = YawnvestmentsUITests;
			productName = YawnvestmentsUITests;
			productReference = DDCFACBC237C977400EF7452 /* YawnvestmentsUITests.xctest */;
			productType = "com.apple.product-type.bundle.ui-testing";
		};
/* End PBXNativeTarget section */

/* Begin PBXProject section */
		DDCFAC90237C976E00EF7452 /* Project object */ = {
			isa = PBXProject;
			attributes = {
				LastSwiftUpdateCheck = 1120;
				LastUpgradeCheck = 1120;
				ORGANIZATIONNAME = "Vadim Belyaev";
				TargetAttributes = {
					DDCFAC97237C976E00EF7452 = {
						CreatedOnToolsVersion = 11.2.1;
					};
					DDCFACB0237C977400EF7452 = {
						CreatedOnToolsVersion = 11.2.1;
						TestTargetID = DDCFAC97237C976E00EF7452;
					};
					DDCFACBB237C977400EF7452 = {
						CreatedOnToolsVersion = 11.2.1;
						TestTargetID = DDCFAC97237C976E00EF7452;
					};
				};
			};
			buildConfigurationList = DDCFAC93237C976E00EF7452 /* Build configuration list for PBXProject "Yawnvestments" */;
			compatibilityVersion = "Xcode 9.3";
			developmentRegion = en;
			hasScannedForEncodings = 0;
			knownRegions = (
				en,
				Base,
			);
			mainGroup = DDCFAC8F237C976E00EF7452;
			productRefGroup = DDCFAC99237C976E00EF7452 /* Products */;
			projectDirPath = "";
			projectRoot = "";
			targets = (
				DDCFAC97237C976E00EF7452 /* Yawnvestments */,
				DDCFACB0237C977400EF7452 /* YawnvestmentsTests */,
				DDCFACBB237C977400EF7452 /* YawnvestmentsUITests */,
			);
		};
/* End PBXProject section */

/* Begin PBXResourcesBuildPhase section */
		DDCFAC96237C976E00EF7452 /* Resources */ = {
			isa = PBXResourcesBuildPhase;
			buildActionMask = 2147483647;
			files = (
				DD2B4DED23F9ED6000FE454D /* PortfolioCell.xib in Resources */,
				DDCFACAB237C977300EF7452 /* LaunchScreen.storyboard in Resources */,
				DD27805923CDD76C00C86642 /* TransactionCell.xib in Resources */,
				DDCFACA8237C977300EF7452 /* Assets.xcassets in Resources */,
				DDCFACA3237C976F00EF7452 /* Main.storyboard in Resources */,
			);
			runOnlyForDeploymentPostprocessing = 0;
		};
		DDCFACAF237C977400EF7452 /* Resources */ = {
			isa = PBXResourcesBuildPhase;
			buildActionMask = 2147483647;
			files = (
			);
			runOnlyForDeploymentPostprocessing = 0;
		};
		DDCFACBA237C977400EF7452 /* Resources */ = {
			isa = PBXResourcesBuildPhase;
			buildActionMask = 2147483647;
			files = (
			);
			runOnlyForDeploymentPostprocessing = 0;
		};
/* End PBXResourcesBuildPhase section */

/* Begin PBXShellScriptBuildPhase section */
		04896B1BCDFEE2E02DF94284 /* [CP] Check Pods Manifest.lock */ = {
			isa = PBXShellScriptBuildPhase;
			buildActionMask = 2147483647;
			files = (
			);
			inputFileListPaths = (
			);
			inputPaths = (
				"${PODS_PODFILE_DIR_PATH}/Podfile.lock",
				"${PODS_ROOT}/Manifest.lock",
			);
			name = "[CP] Check Pods Manifest.lock";
			outputFileListPaths = (
			);
			outputPaths = (
				"$(DERIVED_FILE_DIR)/Pods-Yawnvestments-checkManifestLockResult.txt",
			);
			runOnlyForDeploymentPostprocessing = 0;
			shellPath = /bin/sh;
			shellScript = "diff \"${PODS_PODFILE_DIR_PATH}/Podfile.lock\" \"${PODS_ROOT}/Manifest.lock\" > /dev/null\nif [ $? != 0 ] ; then\n    # print error to STDERR\n    echo \"error: The sandbox is not in sync with the Podfile.lock. Run 'pod install' or update your CocoaPods installation.\" >&2\n    exit 1\nfi\n# This output is used by Xcode 'outputs' to avoid re-running this script phase.\necho \"SUCCESS\" > \"${SCRIPT_OUTPUT_FILE_0}\"\n";
			showEnvVarsInLog = 0;
		};
		93F4AD79AE30F7A8D57DC483 /* [CP] Check Pods Manifest.lock */ = {
			isa = PBXShellScriptBuildPhase;
			buildActionMask = 2147483647;
			files = (
			);
			inputFileListPaths = (
			);
			inputPaths = (
				"${PODS_PODFILE_DIR_PATH}/Podfile.lock",
				"${PODS_ROOT}/Manifest.lock",
			);
			name = "[CP] Check Pods Manifest.lock";
			outputFileListPaths = (
			);
			outputPaths = (
				"$(DERIVED_FILE_DIR)/Pods-YawnvestmentsTests-checkManifestLockResult.txt",
			);
			runOnlyForDeploymentPostprocessing = 0;
			shellPath = /bin/sh;
			shellScript = "diff \"${PODS_PODFILE_DIR_PATH}/Podfile.lock\" \"${PODS_ROOT}/Manifest.lock\" > /dev/null\nif [ $? != 0 ] ; then\n    # print error to STDERR\n    echo \"error: The sandbox is not in sync with the Podfile.lock. Run 'pod install' or update your CocoaPods installation.\" >&2\n    exit 1\nfi\n# This output is used by Xcode 'outputs' to avoid re-running this script phase.\necho \"SUCCESS\" > \"${SCRIPT_OUTPUT_FILE_0}\"\n";
			showEnvVarsInLog = 0;
		};
		DD71309823CE43F6004295EE /* SwiftLint */ = {
			isa = PBXShellScriptBuildPhase;
			buildActionMask = 2147483647;
			files = (
			);
			inputFileListPaths = (
			);
			inputPaths = (
			);
			name = SwiftLint;
			outputFileListPaths = (
			);
			outputPaths = (
			);
			runOnlyForDeploymentPostprocessing = 0;
			shellPath = /bin/sh;
			shellScript = "\"${PODS_ROOT}/SwiftLint/swiftlint\"\n";
		};
		FD3B9DF6AC46C3A65365F32A /* [CP] Check Pods Manifest.lock */ = {
			isa = PBXShellScriptBuildPhase;
			buildActionMask = 2147483647;
			files = (
			);
			inputFileListPaths = (
			);
			inputPaths = (
				"${PODS_PODFILE_DIR_PATH}/Podfile.lock",
				"${PODS_ROOT}/Manifest.lock",
			);
			name = "[CP] Check Pods Manifest.lock";
			outputFileListPaths = (
			);
			outputPaths = (
				"$(DERIVED_FILE_DIR)/Pods-Yawnvestments-YawnvestmentsUITests-checkManifestLockResult.txt",
			);
			runOnlyForDeploymentPostprocessing = 0;
			shellPath = /bin/sh;
			shellScript = "diff \"${PODS_PODFILE_DIR_PATH}/Podfile.lock\" \"${PODS_ROOT}/Manifest.lock\" > /dev/null\nif [ $? != 0 ] ; then\n    # print error to STDERR\n    echo \"error: The sandbox is not in sync with the Podfile.lock. Run 'pod install' or update your CocoaPods installation.\" >&2\n    exit 1\nfi\n# This output is used by Xcode 'outputs' to avoid re-running this script phase.\necho \"SUCCESS\" > \"${SCRIPT_OUTPUT_FILE_0}\"\n";
			showEnvVarsInLog = 0;
		};
/* End PBXShellScriptBuildPhase section */

/* Begin PBXSourcesBuildPhase section */
		DDCFAC94237C976E00EF7452 /* Sources */ = {
			isa = PBXSourcesBuildPhase;
			buildActionMask = 2147483647;
			files = (
				DDCFAC9C237C976E00EF7452 /* AppDelegate.swift in Sources */,
				1D18E6EC24A7E9C800405809 /* ExchangeRate+CoreDataClass.swift in Sources */,
				DD778FF523CFBDF7009F9D03 /* PortfolioViewController.swift in Sources */,
				1D18E6EE24A7E9C800405809 /* Transaction+CoreDataClass.swift in Sources */,
				DDE5F62923C512B100C3B451 /* TransactionsViewModel.swift in Sources */,
				DD778FF723CFBE10009F9D03 /* PortfolioViewModel.swift in Sources */,
				DD27805823CDD76C00C86642 /* TransactionCell.swift in Sources */,
				DD7D073A23F73CB600E52567 /* PortfolioCellViewModel.swift in Sources */,
				1DE020F324AF4E47007F2C6E /* ManagedObjectModelHolder.swift in Sources */,
				1D18E6F824A7E9C800405809 /* Stock+CoreDataClass.swift in Sources */,
				DD2E611F23CE39C100EB37FD /* TransactionCellViewModel.swift in Sources */,
				DDCFACA6237C976F00EF7452 /* Yawnvestments.xcdatamodeld in Sources */,
				1D18E6F624A7E9C800405809 /* DoubleEntryRecord+CoreDataClass.swift in Sources */,
				1D18E6ED24A7E9C800405809 /* Account+CoreDataClass.swift in Sources */,
				1D6CF31424A8A90500867BB5 /* ExchangeRateService.swift in Sources */,
				DDE5F62623C50E0400C3B451 /* TransactionsViewController.swift in Sources */,
				DDCFAC9E237C976E00EF7452 /* SceneDelegate.swift in Sources */,
				DD27805423CD23C400C86642 /* DoubleEntryRecordService.swift in Sources */,
				1DE0211724B7049C007F2C6E /* Asset+CoreDataClass.swift in Sources */,
				DD2B4DEC23F9ED6000FE454D /* PortfolioCell.swift in Sources */,
				DD7D073723F7394700E52567 /* AssetService.swift in Sources */,
				1D18E6F224A7E9C800405809 /* Currency+CoreDataClass.swift in Sources */,
			);
			runOnlyForDeploymentPostprocessing = 0;
		};
		DDCFACAD237C977400EF7452 /* Sources */ = {
			isa = PBXSourcesBuildPhase;
			buildActionMask = 2147483647;
			files = (
				1D426ABA24A8F7B400D6158B /* ExchangeRateServicePriceCalculatedInCurrencyTests.swift in Sources */,
				DD7D073E23F9309C00E52567 /* AssetCurrentAmountTests.swift in Sources */,
				1D6CF31024A8775F00867BB5 /* CoreDataXCTestCase.swift in Sources */,
				1D426ABD24A901D300D6158B /* Date+UnitTests.swift in Sources */,
				1D6CF31224A8796300867BB5 /* ExchangeRateServicePriceOnlyIfAvailableInCurrencyTests.swift in Sources */,
			);
			runOnlyForDeploymentPostprocessing = 0;
		};
		DDCFACB8237C977400EF7452 /* Sources */ = {
			isa = PBXSourcesBuildPhase;
			buildActionMask = 2147483647;
			files = (
				DDCFACC1237C977400EF7452 /* YawnvestmentsUITests.swift in Sources */,
			);
			runOnlyForDeploymentPostprocessing = 0;
		};
/* End PBXSourcesBuildPhase section */

/* Begin PBXTargetDependency section */
		DDCFACB3237C977400EF7452 /* PBXTargetDependency */ = {
			isa = PBXTargetDependency;
			target = DDCFAC97237C976E00EF7452 /* Yawnvestments */;
			targetProxy = DDCFACB2237C977400EF7452 /* PBXContainerItemProxy */;
		};
		DDCFACBE237C977400EF7452 /* PBXTargetDependency */ = {
			isa = PBXTargetDependency;
			target = DDCFAC97237C976E00EF7452 /* Yawnvestments */;
			targetProxy = DDCFACBD237C977400EF7452 /* PBXContainerItemProxy */;
		};
/* End PBXTargetDependency section */

/* Begin PBXVariantGroup section */
		DDCFACA1237C976F00EF7452 /* Main.storyboard */ = {
			isa = PBXVariantGroup;
			children = (
				DDCFACA2237C976F00EF7452 /* Base */,
			);
			name = Main.storyboard;
			sourceTree = "<group>";
		};
		DDCFACA9237C977300EF7452 /* LaunchScreen.storyboard */ = {
			isa = PBXVariantGroup;
			children = (
				DDCFACAA237C977300EF7452 /* Base */,
			);
			name = LaunchScreen.storyboard;
			sourceTree = "<group>";
		};
/* End PBXVariantGroup section */

/* Begin XCBuildConfiguration section */
		DDCFACC3237C977400EF7452 /* Debug */ = {
			isa = XCBuildConfiguration;
			buildSettings = {
				ALWAYS_SEARCH_USER_PATHS = NO;
				CLANG_ANALYZER_NONNULL = YES;
				CLANG_ANALYZER_NUMBER_OBJECT_CONVERSION = YES_AGGRESSIVE;
				CLANG_CXX_LANGUAGE_STANDARD = "gnu++14";
				CLANG_CXX_LIBRARY = "libc++";
				CLANG_ENABLE_MODULES = YES;
				CLANG_ENABLE_OBJC_ARC = YES;
				CLANG_ENABLE_OBJC_WEAK = YES;
				CLANG_WARN_BLOCK_CAPTURE_AUTORELEASING = YES;
				CLANG_WARN_BOOL_CONVERSION = YES;
				CLANG_WARN_COMMA = YES;
				CLANG_WARN_CONSTANT_CONVERSION = YES;
				CLANG_WARN_DEPRECATED_OBJC_IMPLEMENTATIONS = YES;
				CLANG_WARN_DIRECT_OBJC_ISA_USAGE = YES_ERROR;
				CLANG_WARN_DOCUMENTATION_COMMENTS = YES;
				CLANG_WARN_EMPTY_BODY = YES;
				CLANG_WARN_ENUM_CONVERSION = YES;
				CLANG_WARN_INFINITE_RECURSION = YES;
				CLANG_WARN_INT_CONVERSION = YES;
				CLANG_WARN_NON_LITERAL_NULL_CONVERSION = YES;
				CLANG_WARN_OBJC_IMPLICIT_RETAIN_SELF = YES;
				CLANG_WARN_OBJC_LITERAL_CONVERSION = YES;
				CLANG_WARN_OBJC_ROOT_CLASS = YES_ERROR;
				CLANG_WARN_RANGE_LOOP_ANALYSIS = YES;
				CLANG_WARN_STRICT_PROTOTYPES = YES;
				CLANG_WARN_SUSPICIOUS_MOVE = YES;
				CLANG_WARN_UNGUARDED_AVAILABILITY = YES_AGGRESSIVE;
				CLANG_WARN_UNREACHABLE_CODE = YES;
				CLANG_WARN__DUPLICATE_METHOD_MATCH = YES;
				COPY_PHASE_STRIP = NO;
				DEBUG_INFORMATION_FORMAT = dwarf;
				ENABLE_STRICT_OBJC_MSGSEND = YES;
				ENABLE_TESTABILITY = YES;
				GCC_C_LANGUAGE_STANDARD = gnu11;
				GCC_DYNAMIC_NO_PIC = NO;
				GCC_NO_COMMON_BLOCKS = YES;
				GCC_OPTIMIZATION_LEVEL = 0;
				GCC_PREPROCESSOR_DEFINITIONS = (
					"DEBUG=1",
					"$(inherited)",
				);
				GCC_WARN_64_TO_32_BIT_CONVERSION = YES;
				GCC_WARN_ABOUT_RETURN_TYPE = YES_ERROR;
				GCC_WARN_UNDECLARED_SELECTOR = YES;
				GCC_WARN_UNINITIALIZED_AUTOS = YES_AGGRESSIVE;
				GCC_WARN_UNUSED_FUNCTION = YES;
				GCC_WARN_UNUSED_VARIABLE = YES;
				IPHONEOS_DEPLOYMENT_TARGET = 13.2;
				MTL_ENABLE_DEBUG_INFO = INCLUDE_SOURCE;
				MTL_FAST_MATH = YES;
				ONLY_ACTIVE_ARCH = YES;
				SDKROOT = iphoneos;
				SWIFT_ACTIVE_COMPILATION_CONDITIONS = DEBUG;
				SWIFT_OPTIMIZATION_LEVEL = "-Onone";
			};
			name = Debug;
		};
		DDCFACC4237C977400EF7452 /* Release */ = {
			isa = XCBuildConfiguration;
			buildSettings = {
				ALWAYS_SEARCH_USER_PATHS = NO;
				CLANG_ANALYZER_NONNULL = YES;
				CLANG_ANALYZER_NUMBER_OBJECT_CONVERSION = YES_AGGRESSIVE;
				CLANG_CXX_LANGUAGE_STANDARD = "gnu++14";
				CLANG_CXX_LIBRARY = "libc++";
				CLANG_ENABLE_MODULES = YES;
				CLANG_ENABLE_OBJC_ARC = YES;
				CLANG_ENABLE_OBJC_WEAK = YES;
				CLANG_WARN_BLOCK_CAPTURE_AUTORELEASING = YES;
				CLANG_WARN_BOOL_CONVERSION = YES;
				CLANG_WARN_COMMA = YES;
				CLANG_WARN_CONSTANT_CONVERSION = YES;
				CLANG_WARN_DEPRECATED_OBJC_IMPLEMENTATIONS = YES;
				CLANG_WARN_DIRECT_OBJC_ISA_USAGE = YES_ERROR;
				CLANG_WARN_DOCUMENTATION_COMMENTS = YES;
				CLANG_WARN_EMPTY_BODY = YES;
				CLANG_WARN_ENUM_CONVERSION = YES;
				CLANG_WARN_INFINITE_RECURSION = YES;
				CLANG_WARN_INT_CONVERSION = YES;
				CLANG_WARN_NON_LITERAL_NULL_CONVERSION = YES;
				CLANG_WARN_OBJC_IMPLICIT_RETAIN_SELF = YES;
				CLANG_WARN_OBJC_LITERAL_CONVERSION = YES;
				CLANG_WARN_OBJC_ROOT_CLASS = YES_ERROR;
				CLANG_WARN_RANGE_LOOP_ANALYSIS = YES;
				CLANG_WARN_STRICT_PROTOTYPES = YES;
				CLANG_WARN_SUSPICIOUS_MOVE = YES;
				CLANG_WARN_UNGUARDED_AVAILABILITY = YES_AGGRESSIVE;
				CLANG_WARN_UNREACHABLE_CODE = YES;
				CLANG_WARN__DUPLICATE_METHOD_MATCH = YES;
				COPY_PHASE_STRIP = NO;
				DEBUG_INFORMATION_FORMAT = "dwarf-with-dsym";
				ENABLE_NS_ASSERTIONS = NO;
				ENABLE_STRICT_OBJC_MSGSEND = YES;
				GCC_C_LANGUAGE_STANDARD = gnu11;
				GCC_NO_COMMON_BLOCKS = YES;
				GCC_WARN_64_TO_32_BIT_CONVERSION = YES;
				GCC_WARN_ABOUT_RETURN_TYPE = YES_ERROR;
				GCC_WARN_UNDECLARED_SELECTOR = YES;
				GCC_WARN_UNINITIALIZED_AUTOS = YES_AGGRESSIVE;
				GCC_WARN_UNUSED_FUNCTION = YES;
				GCC_WARN_UNUSED_VARIABLE = YES;
				IPHONEOS_DEPLOYMENT_TARGET = 13.2;
				MTL_ENABLE_DEBUG_INFO = NO;
				MTL_FAST_MATH = YES;
				SDKROOT = iphoneos;
				SWIFT_COMPILATION_MODE = wholemodule;
				SWIFT_OPTIMIZATION_LEVEL = "-O";
				VALIDATE_PRODUCT = YES;
			};
			name = Release;
		};
		DDCFACC6237C977400EF7452 /* Debug */ = {
			isa = XCBuildConfiguration;
			baseConfigurationReference = 2BEB887612B8060660ACF258 /* Pods-Yawnvestments.debug.xcconfig */;
			buildSettings = {
				ASSETCATALOG_COMPILER_APPICON_NAME = AppIcon;
				CODE_SIGN_STYLE = Automatic;
				DEVELOPMENT_TEAM = PQTAJ5C86Z;
				INFOPLIST_FILE = "Yawnvestments/Supporting Files/Info.plist";
				LD_RUNPATH_SEARCH_PATHS = (
					"$(inherited)",
					"@executable_path/Frameworks",
				);
				PRODUCT_BUNDLE_IDENTIFIER = net.vadimbelyaev.Yawnvestments;
				PRODUCT_NAME = "$(TARGET_NAME)";
				SWIFT_VERSION = 5.0;
				TARGETED_DEVICE_FAMILY = "1,2";
			};
			name = Debug;
		};
		DDCFACC7237C977400EF7452 /* Release */ = {
			isa = XCBuildConfiguration;
			baseConfigurationReference = 5DA43C499994A7938507A30D /* Pods-Yawnvestments.release.xcconfig */;
			buildSettings = {
				ASSETCATALOG_COMPILER_APPICON_NAME = AppIcon;
				CODE_SIGN_STYLE = Automatic;
				DEVELOPMENT_TEAM = PQTAJ5C86Z;
				INFOPLIST_FILE = "Yawnvestments/Supporting Files/Info.plist";
				LD_RUNPATH_SEARCH_PATHS = (
					"$(inherited)",
					"@executable_path/Frameworks",
				);
				PRODUCT_BUNDLE_IDENTIFIER = net.vadimbelyaev.Yawnvestments;
				PRODUCT_NAME = "$(TARGET_NAME)";
				SWIFT_VERSION = 5.0;
				TARGETED_DEVICE_FAMILY = "1,2";
			};
			name = Release;
		};
		DDCFACC9237C977400EF7452 /* Debug */ = {
			isa = XCBuildConfiguration;
			baseConfigurationReference = 9B1709296539F2A54C4F7463 /* Pods-YawnvestmentsTests.debug.xcconfig */;
			buildSettings = {
				ALWAYS_EMBED_SWIFT_STANDARD_LIBRARIES = YES;
				BUNDLE_LOADER = "$(TEST_HOST)";
				CODE_SIGN_STYLE = Automatic;
				DEVELOPMENT_TEAM = PQTAJ5C86Z;
				INFOPLIST_FILE = YawnvestmentsTests/Info.plist;
				IPHONEOS_DEPLOYMENT_TARGET = 13.2;
				LD_RUNPATH_SEARCH_PATHS = (
					"$(inherited)",
					"@executable_path/Frameworks",
					"@loader_path/Frameworks",
				);
				PRODUCT_BUNDLE_IDENTIFIER = net.vadimbelyaev.YawnvestmentsTests;
				PRODUCT_NAME = "$(TARGET_NAME)";
				SWIFT_VERSION = 5.0;
				TARGETED_DEVICE_FAMILY = "1,2";
				TEST_HOST = "$(BUILT_PRODUCTS_DIR)/Yawnvestments.app/Yawnvestments";
			};
			name = Debug;
		};
		DDCFACCA237C977400EF7452 /* Release */ = {
			isa = XCBuildConfiguration;
			baseConfigurationReference = 99E9167946CE07B153CF09A4 /* Pods-YawnvestmentsTests.release.xcconfig */;
			buildSettings = {
				ALWAYS_EMBED_SWIFT_STANDARD_LIBRARIES = YES;
				BUNDLE_LOADER = "$(TEST_HOST)";
				CODE_SIGN_STYLE = Automatic;
				DEVELOPMENT_TEAM = PQTAJ5C86Z;
				INFOPLIST_FILE = YawnvestmentsTests/Info.plist;
				IPHONEOS_DEPLOYMENT_TARGET = 13.2;
				LD_RUNPATH_SEARCH_PATHS = (
					"$(inherited)",
					"@executable_path/Frameworks",
					"@loader_path/Frameworks",
				);
				PRODUCT_BUNDLE_IDENTIFIER = net.vadimbelyaev.YawnvestmentsTests;
				PRODUCT_NAME = "$(TARGET_NAME)";
				SWIFT_VERSION = 5.0;
				TARGETED_DEVICE_FAMILY = "1,2";
				TEST_HOST = "$(BUILT_PRODUCTS_DIR)/Yawnvestments.app/Yawnvestments";
			};
			name = Release;
		};
		DDCFACCC237C977400EF7452 /* Debug */ = {
			isa = XCBuildConfiguration;
			baseConfigurationReference = 1CB88732C9C92E6A90803E59 /* Pods-Yawnvestments-YawnvestmentsUITests.debug.xcconfig */;
			buildSettings = {
				ALWAYS_EMBED_SWIFT_STANDARD_LIBRARIES = YES;
				CODE_SIGN_STYLE = Automatic;
				DEVELOPMENT_TEAM = PQTAJ5C86Z;
				INFOPLIST_FILE = YawnvestmentsUITests/Info.plist;
				LD_RUNPATH_SEARCH_PATHS = (
					"$(inherited)",
					"@executable_path/Frameworks",
					"@loader_path/Frameworks",
				);
				PRODUCT_BUNDLE_IDENTIFIER = net.vadimbelyaev.YawnvestmentsUITests;
				PRODUCT_NAME = "$(TARGET_NAME)";
				SWIFT_VERSION = 5.0;
				TARGETED_DEVICE_FAMILY = "1,2";
				TEST_TARGET_NAME = Yawnvestments;
			};
			name = Debug;
		};
		DDCFACCD237C977400EF7452 /* Release */ = {
			isa = XCBuildConfiguration;
			baseConfigurationReference = D482BA739939933FD087575F /* Pods-Yawnvestments-YawnvestmentsUITests.release.xcconfig */;
			buildSettings = {
				ALWAYS_EMBED_SWIFT_STANDARD_LIBRARIES = YES;
				CODE_SIGN_STYLE = Automatic;
				DEVELOPMENT_TEAM = PQTAJ5C86Z;
				INFOPLIST_FILE = YawnvestmentsUITests/Info.plist;
				LD_RUNPATH_SEARCH_PATHS = (
					"$(inherited)",
					"@executable_path/Frameworks",
					"@loader_path/Frameworks",
				);
				PRODUCT_BUNDLE_IDENTIFIER = net.vadimbelyaev.YawnvestmentsUITests;
				PRODUCT_NAME = "$(TARGET_NAME)";
				SWIFT_VERSION = 5.0;
				TARGETED_DEVICE_FAMILY = "1,2";
				TEST_TARGET_NAME = Yawnvestments;
			};
			name = Release;
		};
/* End XCBuildConfiguration section */

/* Begin XCConfigurationList section */
		DDCFAC93237C976E00EF7452 /* Build configuration list for PBXProject "Yawnvestments" */ = {
			isa = XCConfigurationList;
			buildConfigurations = (
				DDCFACC3237C977400EF7452 /* Debug */,
				DDCFACC4237C977400EF7452 /* Release */,
			);
			defaultConfigurationIsVisible = 0;
			defaultConfigurationName = Release;
		};
		DDCFACC5237C977400EF7452 /* Build configuration list for PBXNativeTarget "Yawnvestments" */ = {
			isa = XCConfigurationList;
			buildConfigurations = (
				DDCFACC6237C977400EF7452 /* Debug */,
				DDCFACC7237C977400EF7452 /* Release */,
			);
			defaultConfigurationIsVisible = 0;
			defaultConfigurationName = Release;
		};
		DDCFACC8237C977400EF7452 /* Build configuration list for PBXNativeTarget "YawnvestmentsTests" */ = {
			isa = XCConfigurationList;
			buildConfigurations = (
				DDCFACC9237C977400EF7452 /* Debug */,
				DDCFACCA237C977400EF7452 /* Release */,
			);
			defaultConfigurationIsVisible = 0;
			defaultConfigurationName = Release;
		};
		DDCFACCB237C977400EF7452 /* Build configuration list for PBXNativeTarget "YawnvestmentsUITests" */ = {
			isa = XCConfigurationList;
			buildConfigurations = (
				DDCFACCC237C977400EF7452 /* Debug */,
				DDCFACCD237C977400EF7452 /* Release */,
			);
			defaultConfigurationIsVisible = 0;
			defaultConfigurationName = Release;
		};
/* End XCConfigurationList section */

/* Begin XCVersionGroup section */
		DDCFACA4237C976F00EF7452 /* Yawnvestments.xcdatamodeld */ = {
			isa = XCVersionGroup;
			children = (
				DDCFACA5237C976F00EF7452 /* Yawnvestments.xcdatamodel */,
			);
			currentVersion = DDCFACA5237C976F00EF7452 /* Yawnvestments.xcdatamodel */;
			path = Yawnvestments.xcdatamodeld;
			sourceTree = "<group>";
			versionGroupType = wrapper.xcdatamodel;
		};
/* End XCVersionGroup section */
	};
	rootObject = DDCFAC90237C976E00EF7452 /* Project object */;
}
